
Microsoft Visual Studio Solution File, Format Version 12.00
# Visual Studio 15
VisualStudioVersion = 15.0.28307.1259
MinimumVisualStudioVersion = 10.0.40219.1
Project("{FAE04EC0-301F-11D3-BF4B-00C04F79EFBC}") = "BaiTapLon", "BaiTapLon\BaiTapLon.csproj", "{843FB612-015A-4984-9F2B-4CF72D997872}"
EndProject
Global
	GlobalSection(SolutionConfigurationPlatforms) = preSolution
		Debug|Any CPU = Debug|Any CPU
		Release|Any CPU = Release|Any CPU
	EndGlobalSection
	GlobalSection(ProjectConfigurationPlatforms) = postSolution
		{843FB612-015A-4984-9F2B-4CF72D997872}.Debug|Any CPU.ActiveCfg = Debug|Any CPU
		{843FB612-015A-4984-9F2B-4CF72D997872}.Debug|Any CPU.Build.0 = Debug|Any CPU
		{843FB612-015A-4984-9F2B-4CF72D997872}.Release|Any CPU.ActiveCfg = Release|Any CPU
		{843FB612-015A-4984-9F2B-4CF72D997872}.Release|Any CPU.Build.0 = Release|Any CPU
	EndGlobalSection
	GlobalSection(SolutionProperties) = preSolution
		HideSolutionNode = FALSE
	EndGlobalSection
	GlobalSection(ExtensibilityGlobals) = postSolution
		SolutionGuid = {EB495AA1-9EFD-4D18-96CA-05321976B415}
	EndGlobalSection
EndGlobal
